// !$*UTF8*$!
{
	archiveVersion = 1;
	classes = {
	};
	objectVersion = 50;
	objects = {

/* Begin PBXBuildFile section */
		DC55B25526E3F1AE00669E03 /* AppDelegate.swift in Sources */ = {isa = PBXBuildFile; fileRef = DC55B25426E3F1AE00669E03 /* AppDelegate.swift */; };
		DC55B25726E3F1AE00669E03 /* SceneDelegate.swift in Sources */ = {isa = PBXBuildFile; fileRef = DC55B25626E3F1AE00669E03 /* SceneDelegate.swift */; };
		DC55B25926E3F1AE00669E03 /* ViewController.swift in Sources */ = {isa = PBXBuildFile; fileRef = DC55B25826E3F1AE00669E03 /* ViewController.swift */; };
		DC55B25C26E3F1AE00669E03 /* Main.storyboard in Resources */ = {isa = PBXBuildFile; fileRef = DC55B25A26E3F1AE00669E03 /* Main.storyboard */; };
		DC55B25E26E3F1AF00669E03 /* Assets.xcassets in Resources */ = {isa = PBXBuildFile; fileRef = DC55B25D26E3F1AF00669E03 /* Assets.xcassets */; };
		DC55B26126E3F1AF00669E03 /* LaunchScreen.storyboard in Resources */ = {isa = PBXBuildFile; fileRef = DC55B25F26E3F1AF00669E03 /* LaunchScreen.storyboard */; };
		DC55B26C26E3F1B000669E03 /* tableViewDemoTests.swift in Sources */ = {isa = PBXBuildFile; fileRef = DC55B26B26E3F1B000669E03 /* tableViewDemoTests.swift */; };
		DC55B27726E3F1B000669E03 /* tableViewDemoUITests.swift in Sources */ = {isa = PBXBuildFile; fileRef = DC55B27626E3F1B000669E03 /* tableViewDemoUITests.swift */; };
		DC55B28526E3F65700669E03 /* secondviewDetails.swift in Sources */ = {isa = PBXBuildFile; fileRef = DC55B28426E3F65700669E03 /* secondviewDetails.swift */; };
		DC55B28826E3F79100669E03 /* TableViewCell.swift in Sources */ = {isa = PBXBuildFile; fileRef = DC55B28626E3F79100669E03 /* TableViewCell.swift */; };
		DC55B28926E3F79100669E03 /* TableViewCell.xib in Resources */ = {isa = PBXBuildFile; fileRef = DC55B28726E3F79100669E03 /* TableViewCell.xib */; };
/* End PBXBuildFile section */

/* Begin PBXContainerItemProxy section */
		DC55B26826E3F1B000669E03 /* PBXContainerItemProxy */ = {
			isa = PBXContainerItemProxy;
			containerPortal = DC55B24926E3F1AE00669E03 /* Project object */;
			proxyType = 1;
			remoteGlobalIDString = DC55B25026E3F1AE00669E03;
			remoteInfo = tableViewDemo;
		};
		DC55B27326E3F1B000669E03 /* PBXContainerItemProxy */ = {
			isa = PBXContainerItemProxy;
			containerPortal = DC55B24926E3F1AE00669E03 /* Project object */;
			proxyType = 1;
			remoteGlobalIDString = DC55B25026E3F1AE00669E03;
			remoteInfo = tableViewDemo;
		};
/* End PBXContainerItemProxy section */

/* Begin PBXFileReference section */
		DC55B25126E3F1AE00669E03 /* tableViewDemo.app */ = {isa = PBXFileReference; explicitFileType = wrapper.application; includeInIndex = 0; path = tableViewDemo.app; sourceTree = BUILT_PRODUCTS_DIR; };
		DC55B25426E3F1AE00669E03 /* AppDelegate.swift */ = {isa = PBXFileReference; lastKnownFileType = sourcecode.swift; path = AppDelegate.swift; sourceTree = "<group>"; };
		DC55B25626E3F1AE00669E03 /* SceneDelegate.swift */ = {isa = PBXFileReference; lastKnownFileType = sourcecode.swift; path = SceneDelegate.swift; sourceTree = "<group>"; };
		DC55B25826E3F1AE00669E03 /* ViewController.swift */ = {isa = PBXFileReference; lastKnownFileType = sourcecode.swift; path = ViewController.swift; sourceTree = "<group>"; };
		DC55B25B26E3F1AE00669E03 /* Base */ = {isa = PBXFileReference; lastKnownFileType = file.storyboard; name = Base; path = Base.lproj/Main.storyboard; sourceTree = "<group>"; };
		DC55B25D26E3F1AF00669E03 /* Assets.xcassets */ = {isa = PBXFileReference; lastKnownFileType = folder.assetcatalog; path = Assets.xcassets; sourceTree = "<group>"; };
		DC55B26026E3F1AF00669E03 /* Base */ = {isa = PBXFileReference; lastKnownFileType = file.storyboard; name = Base; path = Base.lproj/LaunchScreen.storyboard; sourceTree = "<group>"; };
		DC55B26226E3F1AF00669E03 /* Info.plist */ = {isa = PBXFileReference; lastKnownFileType = text.plist.xml; path = Info.plist; sourceTree = "<group>"; };
		DC55B26726E3F1B000669E03 /* tableViewDemoTests.xctest */ = {isa = PBXFileReference; explicitFileType = wrapper.cfbundle; includeInIndex = 0; path = tableViewDemoTests.xctest; sourceTree = BUILT_PRODUCTS_DIR; };
		DC55B26B26E3F1B000669E03 /* tableViewDemoTests.swift */ = {isa = PBXFileReference; lastKnownFileType = sourcecode.swift; path = tableViewDemoTests.swift; sourceTree = "<group>"; };
		DC55B26D26E3F1B000669E03 /* Info.plist */ = {isa = PBXFileReference; lastKnownFileType = text.plist.xml; path = Info.plist; sourceTree = "<group>"; };
		DC55B27226E3F1B000669E03 /* tableViewDemoUITests.xctest */ = {isa = PBXFileReference; explicitFileType = wrapper.cfbundle; includeInIndex = 0; path = tableViewDemoUITests.xctest; sourceTree = BUILT_PRODUCTS_DIR; };
		DC55B27626E3F1B000669E03 /* tableViewDemoUITests.swift */ = {isa = PBXFileReference; lastKnownFileType = sourcecode.swift; path = tableViewDemoUITests.swift; sourceTree = "<group>"; };
		DC55B27826E3F1B000669E03 /* Info.plist */ = {isa = PBXFileReference; lastKnownFileType = text.plist.xml; path = Info.plist; sourceTree = "<group>"; };
		DC55B28426E3F65700669E03 /* secondviewDetails.swift */ = {isa = PBXFileReference; lastKnownFileType = sourcecode.swift; path = secondviewDetails.swift; sourceTree = "<group>"; };
		DC55B28626E3F79100669E03 /* TableViewCell.swift */ = {isa = PBXFileReference; lastKnownFileType = sourcecode.swift; path = TableViewCell.swift; sourceTree = "<group>"; };
		DC55B28726E3F79100669E03 /* TableViewCell.xib */ = {isa = PBXFileReference; lastKnownFileType = file.xib; path = TableViewCell.xib; sourceTree = "<group>"; };
/* End PBXFileReference section */

/* Begin PBXFrameworksBuildPhase section */
		DC55B24E26E3F1AE00669E03 /* Frameworks */ = {
			isa = PBXFrameworksBuildPhase;
			buildActionMask = 2147483647;
			files = (
			);
			runOnlyForDeploymentPostprocessing = 0;
		};
		DC55B26426E3F1B000669E03 /* Frameworks */ = {
			isa = PBXFrameworksBuildPhase;
			buildActionMask = 2147483647;
			files = (
			);
			runOnlyForDeploymentPostprocessing = 0;
		};
		DC55B26F26E3F1B000669E03 /* Frameworks */ = {
			isa = PBXFrameworksBuildPhase;
			buildActionMask = 2147483647;
			files = (
			);
			runOnlyForDeploymentPostprocessing = 0;
		};
/* End PBXFrameworksBuildPhase section */

/* Begin PBXGroup section */
		DC55B24826E3F1AE00669E03 = {
			isa = PBXGroup;
			children = (
				DC55B25326E3F1AE00669E03 /* tableViewDemo */,
				DC55B26A26E3F1B000669E03 /* tableViewDemoTests */,
				DC55B27526E3F1B000669E03 /* tableViewDemoUITests */,
				DC55B25226E3F1AE00669E03 /* Products */,
			);
			sourceTree = "<group>";
		};
		DC55B25226E3F1AE00669E03 /* Products */ = {
			isa = PBXGroup;
			children = (
				DC55B25126E3F1AE00669E03 /* tableViewDemo.app */,
				DC55B26726E3F1B000669E03 /* tableViewDemoTests.xctest */,
				DC55B27226E3F1B000669E03 /* tableViewDemoUITests.xctest */,
			);
			name = Products;
			sourceTree = "<group>";
		};
		DC55B25326E3F1AE00669E03 /* tableViewDemo */ = {
			isa = PBXGroup;
			children = (
				DC55B28A26E3F7BB00669E03 /* tableViewCell */,
				DC55B25426E3F1AE00669E03 /* AppDelegate.swift */,
				DC55B25626E3F1AE00669E03 /* SceneDelegate.swift */,
				DC55B25826E3F1AE00669E03 /* ViewController.swift */,
				DC55B25A26E3F1AE00669E03 /* Main.storyboard */,
				DC55B25D26E3F1AF00669E03 /* Assets.xcassets */,
				DC55B25F26E3F1AF00669E03 /* LaunchScreen.storyboard */,
				DC55B26226E3F1AF00669E03 /* Info.plist */,
				DC55B28426E3F65700669E03 /* secondviewDetails.swift */,
			);
			path = tableViewDemo;
			sourceTree = "<group>";
		};
		DC55B26A26E3F1B000669E03 /* tableViewDemoTests */ = {
			isa = PBXGroup;
			children = (
				DC55B26B26E3F1B000669E03 /* tableViewDemoTests.swift */,
				DC55B26D26E3F1B000669E03 /* Info.plist */,
			);
			path = tableViewDemoTests;
			sourceTree = "<group>";
		};
		DC55B27526E3F1B000669E03 /* tableViewDemoUITests */ = {
			isa = PBXGroup;
			children = (
				DC55B27626E3F1B000669E03 /* tableViewDemoUITests.swift */,
				DC55B27826E3F1B000669E03 /* Info.plist */,
			);
			path = tableViewDemoUITests;
			sourceTree = "<group>";
		};
		DC55B28A26E3F7BB00669E03 /* tableViewCell */ = {
			isa = PBXGroup;
			children = (
				DC55B28626E3F79100669E03 /* TableViewCell.swift */,
				DC55B28726E3F79100669E03 /* TableViewCell.xib */,
			);
			path = tableViewCell;
			sourceTree = "<group>";
		};
/* End PBXGroup section */

/* Begin PBXNativeTarget section */
		DC55B25026E3F1AE00669E03 /* tableViewDemo */ = {
			isa = PBXNativeTarget;
			buildConfigurationList = DC55B27B26E3F1B000669E03 /* Build configuration list for PBXNativeTarget "tableViewDemo" */;
			buildPhases = (
				DC55B24D26E3F1AE00669E03 /* Sources */,
				DC55B24E26E3F1AE00669E03 /* Frameworks */,
				DC55B24F26E3F1AE00669E03 /* Resources */,
			);
			buildRules = (
			);
			dependencies = (
			);
			name = tableViewDemo;
			productName = tableViewDemo;
			productReference = DC55B25126E3F1AE00669E03 /* tableViewDemo.app */;
			productType = "com.apple.product-type.application";
		};
		DC55B26626E3F1B000669E03 /* tableViewDemoTests */ = {
			isa = PBXNativeTarget;
			buildConfigurationList = DC55B27E26E3F1B000669E03 /* Build configuration list for PBXNativeTarget "tableViewDemoTests" */;
			buildPhases = (
				DC55B26326E3F1B000669E03 /* Sources */,
				DC55B26426E3F1B000669E03 /* Frameworks */,
				DC55B26526E3F1B000669E03 /* Resources */,
			);
			buildRules = (
			);
			dependencies = (
				DC55B26926E3F1B000669E03 /* PBXTargetDependency */,
			);
			name = tableViewDemoTests;
			productName = tableViewDemoTests;
			productReference = DC55B26726E3F1B000669E03 /* tableViewDemoTests.xctest */;
			productType = "com.apple.product-type.bundle.unit-test";
		};
		DC55B27126E3F1B000669E03 /* tableViewDemoUITests */ = {
			isa = PBXNativeTarget;
			buildConfigurationList = DC55B28126E3F1B000669E03 /* Build configuration list for PBXNativeTarget "tableViewDemoUITests" */;
			buildPhases = (
				DC55B26E26E3F1B000669E03 /* Sources */,
				DC55B26F26E3F1B000669E03 /* Frameworks */,
				DC55B27026E3F1B000669E03 /* Resources */,
			);
			buildRules = (
			);
			dependencies = (
				DC55B27426E3F1B000669E03 /* PBXTargetDependency */,
			);
			name = tableViewDemoUITests;
			productName = tableViewDemoUITests;
			productReference = DC55B27226E3F1B000669E03 /* tableViewDemoUITests.xctest */;
			productType = "com.apple.product-type.bundle.ui-testing";
		};
/* End PBXNativeTarget section */

/* Begin PBXProject section */
		DC55B24926E3F1AE00669E03 /* Project object */ = {
			isa = PBXProject;
			attributes = {
				LastSwiftUpdateCheck = 1250;
				LastUpgradeCheck = 1250;
				TargetAttributes = {
					DC55B25026E3F1AE00669E03 = {
						CreatedOnToolsVersion = 12.5.1;
					};
					DC55B26626E3F1B000669E03 = {
						CreatedOnToolsVersion = 12.5.1;
						TestTargetID = DC55B25026E3F1AE00669E03;
					};
					DC55B27126E3F1B000669E03 = {
						CreatedOnToolsVersion = 12.5.1;
						TestTargetID = DC55B25026E3F1AE00669E03;
					};
				};
			};
			buildConfigurationList = DC55B24C26E3F1AE00669E03 /* Build configuration list for PBXProject "tableViewDemo" */;
			compatibilityVersion = "Xcode 9.3";
			developmentRegion = en;
			hasScannedForEncodings = 0;
			knownRegions = (
				en,
				Base,
			);
			mainGroup = DC55B24826E3F1AE00669E03;
			productRefGroup = DC55B25226E3F1AE00669E03 /* Products */;
			projectDirPath = "";
			projectRoot = "";
			targets = (
				DC55B25026E3F1AE00669E03 /* tableViewDemo */,
				DC55B26626E3F1B000669E03 /* tableViewDemoTests */,
				DC55B27126E3F1B000669E03 /* tableViewDemoUITests */,
			);
		};
/* End PBXProject section */

/* Begin PBXResourcesBuildPhase section */
		DC55B24F26E3F1AE00669E03 /* Resources */ = {
			isa = PBXResourcesBuildPhase;
			buildActionMask = 2147483647;
			files = (
				DC55B26126E3F1AF00669E03 /* LaunchScreen.storyboard in Resources */,
				DC55B28926E3F79100669E03 /* TableViewCell.xib in Resources */,
				DC55B25E26E3F1AF00669E03 /* Assets.xcassets in Resources */,
				DC55B25C26E3F1AE00669E03 /* Main.storyboard in Resources */,
			);
			runOnlyForDeploymentPostprocessing = 0;
		};
		DC55B26526E3F1B000669E03 /* Resources */ = {
			isa = PBXResourcesBuildPhase;
			buildActionMask = 2147483647;
			files = (
			);
			runOnlyForDeploymentPostprocessing = 0;
		};
		DC55B27026E3F1B000669E03 /* Resources */ = {
			isa = PBXResourcesBuildPhase;
			buildActionMask = 2147483647;
			files = (
			);
			runOnlyForDeploymentPostprocessing = 0;
		};
/* End PBXResourcesBuildPhase section */

/* Begin PBXSourcesBuildPhase section */
		DC55B24D26E3F1AE00669E03 /* Sources */ = {
			isa = PBXSourcesBuildPhase;
			buildActionMask = 2147483647;
			files = (
				DC55B28826E3F79100669E03 /* TableViewCell.swift in Sources */,
				DC55B25926E3F1AE00669E03 /* ViewController.swift in Sources */,
				DC55B25526E3F1AE00669E03 /* AppDelegate.swift in Sources */,
				DC55B25726E3F1AE00669E03 /* SceneDelegate.swift in Sources */,
				DC55B28526E3F65700669E03 /* secondviewDetails.swift in Sources */,
			);
			runOnlyForDeploymentPostprocessing = 0;
		};
		DC55B26326E3F1B000669E03 /* Sources */ = {
			isa = PBXSourcesBuildPhase;
			buildActionMask = 2147483647;
			files = (
				DC55B26C26E3F1B000669E03 /* tableViewDemoTests.swift in Sources */,
			);
			runOnlyForDeploymentPostprocessing = 0;
		};
		DC55B26E26E3F1B000669E03 /* Sources */ = {
			isa = PBXSourcesBuildPhase;
			buildActionMask = 2147483647;
			files = (
				DC55B27726E3F1B000669E03 /* tableViewDemoUITests.swift in Sources */,
			);
			runOnlyForDeploymentPostprocessing = 0;
		};
/* End PBXSourcesBuildPhase section */

/* Begin PBXTargetDependency section */
		DC55B26926E3F1B000669E03 /* PBXTargetDependency */ = {
			isa = PBXTargetDependency;
			target = DC55B25026E3F1AE00669E03 /* tableViewDemo */;
			targetProxy = DC55B26826E3F1B000669E03 /* PBXContainerItemProxy */;
		};
		DC55B27426E3F1B000669E03 /* PBXTargetDependency */ = {
			isa = PBXTargetDependency;
			target = DC55B25026E3F1AE00669E03 /* tableViewDemo */;
			targetProxy = DC55B27326E3F1B000669E03 /* PBXContainerItemProxy */;
		};
/* End PBXTargetDependency section */

/* Begin PBXVariantGroup section */
		DC55B25A26E3F1AE00669E03 /* Main.storyboard */ = {
			isa = PBXVariantGroup;
			children = (
				DC55B25B26E3F1AE00669E03 /* Base */,
			);
			name = Main.storyboard;
			sourceTree = "<group>";
		};
		DC55B25F26E3F1AF00669E03 /* LaunchScreen.storyboard */ = {
			isa = PBXVariantGroup;
			children = (
				DC55B26026E3F1AF00669E03 /* Base */,
			);
			name = LaunchScreen.storyboard;
			sourceTree = "<group>";
		};
/* End PBXVariantGroup section */

/* Begin XCBuildConfiguration section */
		DC55B27926E3F1B000669E03 /* Debug */ = {
			isa = XCBuildConfiguration;
			buildSettings = {
				ALWAYS_SEARCH_USER_PATHS = NO;
				CLANG_ANALYZER_NONNULL = YES;
				CLANG_ANALYZER_NUMBER_OBJECT_CONVERSION = YES_AGGRESSIVE;
				CLANG_CXX_LANGUAGE_STANDARD = "gnu++14";
				CLANG_CXX_LIBRARY = "libc++";
				CLANG_ENABLE_MODULES = YES;
				CLANG_ENABLE_OBJC_ARC = YES;
				CLANG_ENABLE_OBJC_WEAK = YES;
				CLANG_WARN_BLOCK_CAPTURE_AUTORELEASING = YES;
				CLANG_WARN_BOOL_CONVERSION = YES;
				CLANG_WARN_COMMA = YES;
				CLANG_WARN_CONSTANT_CONVERSION = YES;
				CLANG_WARN_DEPRECATED_OBJC_IMPLEMENTATIONS = YES;
				CLANG_WARN_DIRECT_OBJC_ISA_USAGE = YES_ERROR;
				CLANG_WARN_DOCUMENTATION_COMMENTS = YES;
				CLANG_WARN_EMPTY_BODY = YES;
				CLANG_WARN_ENUM_CONVERSION = YES;
				CLANG_WARN_INFINITE_RECURSION = YES;
				CLANG_WARN_INT_CONVERSION = YES;
				CLANG_WARN_NON_LITERAL_NULL_CONVERSION = YES;
				CLANG_WARN_OBJC_IMPLICIT_RETAIN_SELF = YES;
				CLANG_WARN_OBJC_LITERAL_CONVERSION = YES;
				CLANG_WARN_OBJC_ROOT_CLASS = YES_ERROR;
				CLANG_WARN_QUOTED_INCLUDE_IN_FRAMEWORK_HEADER = YES;
				CLANG_WARN_RANGE_LOOP_ANALYSIS = YES;
				CLANG_WARN_STRICT_PROTOTYPES = YES;
				CLANG_WARN_SUSPICIOUS_MOVE = YES;
				CLANG_WARN_UNGUARDED_AVAILABILITY = YES_AGGRESSIVE;
				CLANG_WARN_UNREACHABLE_CODE = YES;
				CLANG_WARN__DUPLICATE_METHOD_MATCH = YES;
				COPY_PHASE_STRIP = NO;
				DEBUG_INFORMATION_FORMAT = dwarf;
				ENABLE_STRICT_OBJC_MSGSEND = YES;
				ENABLE_TESTABILITY = YES;
				GCC_C_LANGUAGE_STANDARD = gnu11;
				GCC_DYNAMIC_NO_PIC = NO;
				GCC_NO_COMMON_BLOCKS = YES;
				GCC_OPTIMIZATION_LEVEL = 0;
				GCC_PREPROCESSOR_DEFINITIONS = (
					"DEBUG=1",
					"$(inherited)",
				);
				GCC_WARN_64_TO_32_BIT_CONVERSION = YES;
				GCC_WARN_ABOUT_RETURN_TYPE = YES_ERROR;
				GCC_WARN_UNDECLARED_SELECTOR = YES;
				GCC_WARN_UNINITIALIZED_AUTOS = YES_AGGRESSIVE;
				GCC_WARN_UNUSED_FUNCTION = YES;
				GCC_WARN_UNUSED_VARIABLE = YES;
				IPHONEOS_DEPLOYMENT_TARGET = 14.5;
				MTL_ENABLE_DEBUG_INFO = INCLUDE_SOURCE;
				MTL_FAST_MATH = YES;
				ONLY_ACTIVE_ARCH = YES;
				SDKROOT = iphoneos;
				SWIFT_ACTIVE_COMPILATION_CONDITIONS = DEBUG;
				SWIFT_OPTIMIZATION_LEVEL = "-Onone";
			};
			name = Debug;
		};
		DC55B27A26E3F1B000669E03 /* Release */ = {
			isa = XCBuildConfiguration;
			buildSettings = {
				ALWAYS_SEARCH_USER_PATHS = NO;
				CLANG_ANALYZER_NONNULL = YES;
				CLANG_ANALYZER_NUMBER_OBJECT_CONVERSION = YES_AGGRESSIVE;
				CLANG_CXX_LANGUAGE_STANDARD = "gnu++14";
				CLANG_CXX_LIBRARY = "libc++";
				CLANG_ENABLE_MODULES = YES;
				CLANG_ENABLE_OBJC_ARC = YES;
				CLANG_ENABLE_OBJC_WEAK = YES;
				CLANG_WARN_BLOCK_CAPTURE_AUTORELEASING = YES;
				CLANG_WARN_BOOL_CONVERSION = YES;
				CLANG_WARN_COMMA = YES;
				CLANG_WARN_CONSTANT_CONVERSION = YES;
				CLANG_WARN_DEPRECATED_OBJC_IMPLEMENTATIONS = YES;
				CLANG_WARN_DIRECT_OBJC_ISA_USAGE = YES_ERROR;
				CLANG_WARN_DOCUMENTATION_COMMENTS = YES;
				CLANG_WARN_EMPTY_BODY = YES;
				CLANG_WARN_ENUM_CONVERSION = YES;
				CLANG_WARN_INFINITE_RECURSION = YES;
				CLANG_WARN_INT_CONVERSION = YES;
				CLANG_WARN_NON_LITERAL_NULL_CONVERSION = YES;
				CLANG_WARN_OBJC_IMPLICIT_RETAIN_SELF = YES;
				CLANG_WARN_OBJC_LITERAL_CONVERSION = YES;
				CLANG_WARN_OBJC_ROOT_CLASS = YES_ERROR;
				CLANG_WARN_QUOTED_INCLUDE_IN_FRAMEWORK_HEADER = YES;
				CLANG_WARN_RANGE_LOOP_ANALYSIS = YES;
				CLANG_WARN_STRICT_PROTOTYPES = YES;
				CLANG_WARN_SUSPICIOUS_MOVE = YES;
				CLANG_WARN_UNGUARDED_AVAILABILITY = YES_AGGRESSIVE;
				CLANG_WARN_UNREACHABLE_CODE = YES;
				CLANG_WARN__DUPLICATE_METHOD_MATCH = YES;
				COPY_PHASE_STRIP = NO;
				DEBUG_INFORMATION_FORMAT = "dwarf-with-dsym";
				ENABLE_NS_ASSERTIONS = NO;
				ENABLE_STRICT_OBJC_MSGSEND = YES;
				GCC_C_LANGUAGE_STANDARD = gnu11;
				GCC_NO_COMMON_BLOCKS = YES;
				GCC_WARN_64_TO_32_BIT_CONVERSION = YES;
				GCC_WARN_ABOUT_RETURN_TYPE = YES_ERROR;
				GCC_WARN_UNDECLARED_SELECTOR = YES;
				GCC_WARN_UNINITIALIZED_AUTOS = YES_AGGRESSIVE;
				GCC_WARN_UNUSED_FUNCTION = YES;
				GCC_WARN_UNUSED_VARIABLE = YES;
				IPHONEOS_DEPLOYMENT_TARGET = 14.5;
				MTL_ENABLE_DEBUG_INFO = NO;
				MTL_FAST_MATH = YES;
				SDKROOT = iphoneos;
				SWIFT_COMPILATION_MODE = wholemodule;
				SWIFT_OPTIMIZATION_LEVEL = "-O";
				VALIDATE_PRODUCT = YES;
			};
			name = Release;
		};
		DC55B27C26E3F1B000669E03 /* Debug */ = {
			isa = XCBuildConfiguration;
			buildSettings = {
				ASSETCATALOG_COMPILER_APPICON_NAME = AppIcon;
				ASSETCATALOG_COMPILER_GLOBAL_ACCENT_COLOR_NAME = AccentColor;
				CODE_SIGN_STYLE = Automatic;
				INFOPLIST_FILE = tableViewDemo/Info.plist;
				LD_RUNPATH_SEARCH_PATHS = (
					"$(inherited)",
					"@executable_path/Frameworks",
				);
				PRODUCT_BUNDLE_IDENTIFIER = com.test.tableViewDemo;
				PRODUCT_NAME = "$(TARGET_NAME)";
				SWIFT_VERSION = 5.0;
				TARGETED_DEVICE_FAMILY = "1,2";
			};
			name = Debug;
		};
		DC55B27D26E3F1B000669E03 /* Release */ = {
			isa = XCBuildConfiguration;
			buildSettings = {
				ASSETCATALOG_COMPILER_APPICON_NAME = AppIcon;
				ASSETCATALOG_COMPILER_GLOBAL_ACCENT_COLOR_NAME = AccentColor;
				CODE_SIGN_STYLE = Automatic;
				INFOPLIST_FILE = tableViewDemo/Info.plist;
				LD_RUNPATH_SEARCH_PATHS = (
					"$(inherited)",
					"@executable_path/Frameworks",
				);
				PRODUCT_BUNDLE_IDENTIFIER = com.test.tableViewDemo;
				PRODUCT_NAME = "$(TARGET_NAME)";
				SWIFT_VERSION = 5.0;
				TARGETED_DEVICE_FAMILY = "1,2";
			};
			name = Release;
		};
		DC55B27F26E3F1B000669E03 /* Debug */ = {
			isa = XCBuildConfiguration;
			buildSettings = {
				ALWAYS_EMBED_SWIFT_STANDARD_LIBRARIES = YES;
				BUNDLE_LOADER = "$(TEST_HOST)";
				CODE_SIGN_STYLE = Automatic;
				INFOPLIST_FILE = tableViewDemoTests/Info.plist;
				IPHONEOS_DEPLOYMENT_TARGET = 14.5;
				LD_RUNPATH_SEARCH_PATHS = (
					"$(inherited)",
					"@executable_path/Frameworks",
					"@loader_path/Frameworks",
				);
				PRODUCT_BUNDLE_IDENTIFIER = com.test.tableViewDemoTests;
				PRODUCT_NAME = "$(TARGET_NAME)";
				SWIFT_VERSION = 5.0;
				TARGETED_DEVICE_FAMILY = "1,2";
				TEST_HOST = "$(BUILT_PRODUCTS_DIR)/tableViewDemo.app/tableViewDemo";
			};
			name = Debug;
		};
		DC55B28026E3F1B000669E03 /* Release */ = {
			isa = XCBuildConfiguration;
			buildSettings = {
				ALWAYS_EMBED_SWIFT_STANDARD_LIBRARIES = YES;
				BUNDLE_LOADER = "$(TEST_HOST)";
				CODE_SIGN_STYLE = Automatic;
				INFOPLIST_FILE = tableViewDemoTests/Info.plist;
				IPHONEOS_DEPLOYMENT_TARGET = 14.5;
				LD_RUNPATH_SEARCH_PATHS = (
					"$(inherited)",
					"@executable_path/Frameworks",
					"@loader_path/Frameworks",
				);
				PRODUCT_BUNDLE_IDENTIFIER = com.test.tableViewDemoTests;
				PRODUCT_NAME = "$(TARGET_NAME)";
				SWIFT_VERSION = 5.0;
				TARGETED_DEVICE_FAMILY = "1,2";
				TEST_HOST = "$(BUILT_PRODUCTS_DIR)/tableViewDemo.app/tableViewDemo";
			};
			name = Release;
		};
		DC55B28226E3F1B000669E03 /* Debug */ = {
			isa = XCBuildConfiguration;
			buildSettings = {
				ALWAYS_EMBED_SWIFT_STANDARD_LIBRARIES = YES;
				CODE_SIGN_STYLE = Automatic;
				INFOPLIST_FILE = tableViewDemoUITests/Info.plist;
				LD_RUNPATH_SEARCH_PATHS = (
					"$(inherited)",
					"@executable_path/Frameworks",
					"@loader_path/Frameworks",
				);
				PRODUCT_BUNDLE_IDENTIFIER = com.test.tableViewDemoUITests;
				PRODUCT_NAME = "$(TARGET_NAME)";
				SWIFT_VERSION = 5.0;
				TARGETED_DEVICE_FAMILY = "1,2";
				TEST_TARGET_NAME = tableViewDemo;
			};
			name = Debug;
		};
		DC55B28326E3F1B000669E03 /* Release */ = {
			isa = XCBuildConfiguration;
			buildSettings = {
				ALWAYS_EMBED_SWIFT_STANDARD_LIBRARIES = YES;
				CODE_SIGN_STYLE = Automatic;
				INFOPLIST_FILE = tableViewDemoUITests/Info.plist;
				LD_RUNPATH_SEARCH_PATHS = (
					"$(inherited)",
					"@executable_path/Frameworks",
					"@loader_path/Frameworks",
				);
				PRODUCT_BUNDLE_IDENTIFIER = com.test.tableViewDemoUITests;
				PRODUCT_NAME = "$(TARGET_NAME)";
				SWIFT_VERSION = 5.0;
				TARGETED_DEVICE_FAMILY = "1,2";
				TEST_TARGET_NAME = tableViewDemo;
			};
			name = Release;
		};
/* End XCBuildConfiguration section */

/* Begin XCConfigurationList section */
		DC55B24C26E3F1AE00669E03 /* Build configuration list for PBXProject "tableViewDemo" */ = {
			isa = XCConfigurationList;
			buildConfigurations = (
				DC55B27926E3F1B000669E03 /* Debug */,
				DC55B27A26E3F1B000669E03 /* Release */,
			);
			defaultConfigurationIsVisible = 0;
			defaultConfigurationName = Release;
		};
		DC55B27B26E3F1B000669E03 /* Build configuration list for PBXNativeTarget "tableViewDemo" */ = {
			isa = XCConfigurationList;
			buildConfigurations = (
				DC55B27C26E3F1B000669E03 /* Debug */,
				DC55B27D26E3F1B000669E03 /* Release */,
			);
			defaultConfigurationIsVisible = 0;
			defaultConfigurationName = Release;
		};
		DC55B27E26E3F1B000669E03 /* Build configuration list for PBXNativeTarget "tableViewDemoTests" */ = {
			isa = XCConfigurationList;
			buildConfigurations = (
				DC55B27F26E3F1B000669E03 /* Debug */,
				DC55B28026E3F1B000669E03 /* Release */,
			);
			defaultConfigurationIsVisible = 0;
			defaultConfigurationName = Release;
		};
		DC55B28126E3F1B000669E03 /* Build configuration list for PBXNativeTarget "tableViewDemoUITests" */ = {
			isa = XCConfigurationList;
			buildConfigurations = (
				DC55B28226E3F1B000669E03 /* Debug */,
				DC55B28326E3F1B000669E03 /* Release */,
			);
			defaultConfigurationIsVisible = 0;
			defaultConfigurationName = Release;
		};
/* End XCConfigurationList section */
	};
	rootObject = DC55B24926E3F1AE00669E03 /* Project object */;
}
